
Microsoft Visual Studio Solution File, Format Version 12.00
# Visual Studio Version 16
VisualStudioVersion = 16.0.31729.503
MinimumVisualStudioVersion = 10.0.40219.1
Project("{FAE04EC0-301F-11D3-BF4B-00C04F79EFBC}") = "FirstTask", "FirstTask\FirstTask.csproj", "{AFDA141D-638A-4E0D-AB97-83B9181F5412}"
EndProject
Global
	GlobalSection(SolutionConfigurationPlatforms) = preSolution
		Debug|Any CPU = Debug|Any CPU
		Release|Any CPU = Release|Any CPU
	EndGlobalSection
	GlobalSection(ProjectConfigurationPlatforms) = postSolution
		{AFDA141D-638A-4E0D-AB97-83B9181F5412}.Debug|Any CPU.ActiveCfg = Debug|Any CPU
		{AFDA141D-638A-4E0D-AB97-83B9181F5412}.Debug|Any CPU.Build.0 = Debug|Any CPU
		{AFDA141D-638A-4E0D-AB97-83B9181F5412}.Release|Any CPU.ActiveCfg = Release|Any CPU
		{AFDA141D-638A-4E0D-AB97-83B9181F5412}.Release|Any CPU.Build.0 = Release|Any CPU
	EndGlobalSection
	GlobalSection(SolutionProperties) = preSolution
		HideSolutionNode = FALSE
	EndGlobalSection
	GlobalSection(ExtensibilityGlobals) = postSolution
		SolutionGuid = {227EB19F-0D67-4941-9528-A7C4D0C80585}
	EndGlobalSection
EndGlobal
